// !$*UTF8*$!
{
	archiveVersion = 1;
	classes = {
	};
	objectVersion = 46;
	objects = {

/* Begin PBXBuildFile section */
		DB04F4691A39C20000F0F81F /* main.m in Sources */ = {isa = PBXBuildFile; fileRef = DB04F4681A39C20000F0F81F /* main.m */; };
		DB04F46C1A39C20000F0F81F /* AppDelegate.m in Sources */ = {isa = PBXBuildFile; fileRef = DB04F46B1A39C20000F0F81F /* AppDelegate.m */; };
		DB04F46F1A39C20000F0F81F /* ViewController.m in Sources */ = {isa = PBXBuildFile; fileRef = DB04F46E1A39C20000F0F81F /* ViewController.m */; };
		DB04F4721A39C20000F0F81F /* Main.storyboard in Resources */ = {isa = PBXBuildFile; fileRef = DB04F4701A39C20000F0F81F /* Main.storyboard */; };
		DB04F4741A39C20000F0F81F /* Images.xcassets in Resources */ = {isa = PBXBuildFile; fileRef = DB04F4731A39C20000F0F81F /* Images.xcassets */; };
		DB04F4771A39C20000F0F81F /* LaunchScreen.xib in Resources */ = {isa = PBXBuildFile; fileRef = DB04F4751A39C20000F0F81F /* LaunchScreen.xib */; };
		DB04F4831A39C20000F0F81F /* AppMonitorTests.m in Sources */ = {isa = PBXBuildFile; fileRef = DB04F4821A39C20000F0F81F /* AppMonitorTests.m */; };
/* End PBXBuildFile section */

/* Begin PBXContainerItemProxy section */
		DB04F47D1A39C20000F0F81F /* PBXContainerItemProxy */ = {
			isa = PBXContainerItemProxy;
			containerPortal = DB04F45B1A39C20000F0F81F /* Project object */;
			proxyType = 1;
			remoteGlobalIDString = DB04F4621A39C20000F0F81F;
			remoteInfo = AppMonitor;
		};
/* End PBXContainerItemProxy section */

/* Begin PBXFileReference section */
		DB04F4631A39C20000F0F81F /* AppMonitor.app */ = {isa = PBXFileReference; explicitFileType = wrapper.application; includeInIndex = 0; path = AppMonitor.app; sourceTree = BUILT_PRODUCTS_DIR; };
		DB04F4671A39C20000F0F81F /* Info.plist */ = {isa = PBXFileReference; lastKnownFileType = text.plist.xml; path = Info.plist; sourceTree = "<group>"; };
		DB04F4681A39C20000F0F81F /* main.m */ = {isa = PBXFileReference; lastKnownFileType = sourcecode.c.objc; path = main.m; sourceTree = "<group>"; };
		DB04F46A1A39C20000F0F81F /* AppDelegate.h */ = {isa = PBXFileReference; lastKnownFileType = sourcecode.c.h; path = AppDelegate.h; sourceTree = "<group>"; };
		DB04F46B1A39C20000F0F81F /* AppDelegate.m */ = {isa = PBXFileReference; lastKnownFileType = sourcecode.c.objc; path = AppDelegate.m; sourceTree = "<group>"; };
		DB04F46D1A39C20000F0F81F /* ViewController.h */ = {isa = PBXFileReference; lastKnownFileType = sourcecode.c.h; path = ViewController.h; sourceTree = "<group>"; };
		DB04F46E1A39C20000F0F81F /* ViewController.m */ = {isa = PBXFileReference; lastKnownFileType = sourcecode.c.objc; path = ViewController.m; sourceTree = "<group>"; };
		DB04F4711A39C20000F0F81F /* Base */ = {isa = PBXFileReference; lastKnownFileType = file.storyboard; name = Base; path = Base.lproj/Main.storyboard; sourceTree = "<group>"; };
		DB04F4731A39C20000F0F81F /* Images.xcassets */ = {isa = PBXFileReference; lastKnownFileType = folder.assetcatalog; path = Images.xcassets; sourceTree = "<group>"; };
		DB04F4761A39C20000F0F81F /* Base */ = {isa = PBXFileReference; lastKnownFileType = file.xib; name = Base; path = Base.lproj/LaunchScreen.xib; sourceTree = "<group>"; };
		DB04F47C1A39C20000F0F81F /* AppMonitorTests.xctest */ = {isa = PBXFileReference; explicitFileType = wrapper.cfbundle; includeInIndex = 0; path = AppMonitorTests.xctest; sourceTree = BUILT_PRODUCTS_DIR; };
		DB04F4811A39C20000F0F81F /* Info.plist */ = {isa = PBXFileReference; lastKnownFileType = text.plist.xml; path = Info.plist; sourceTree = "<group>"; };
		DB04F4821A39C20000F0F81F /* AppMonitorTests.m */ = {isa = PBXFileReference; lastKnownFileType = sourcecode.c.objc; path = AppMonitorTests.m; sourceTree = "<group>"; };
/* End PBXFileReference section */

/* Begin PBXFrameworksBuildPhase section */
		DB04F4601A39C20000F0F81F /* Frameworks */ = {
			isa = PBXFrameworksBuildPhase;
			buildActionMask = 2147483647;
			files = (
			);
			runOnlyForDeploymentPostprocessing = 0;
		};
		DB04F4791A39C20000F0F81F /* Frameworks */ = {
			isa = PBXFrameworksBuildPhase;
			buildActionMask = 2147483647;
			files = (
			);
			runOnlyForDeploymentPostprocessing = 0;
		};
/* End PBXFrameworksBuildPhase section */

/* Begin PBXGroup section */
		DB04F45A1A39C20000F0F81F = {
			isa = PBXGroup;
			children = (
				DB04F4651A39C20000F0F81F /* AppMonitor */,
				DB04F47F1A39C20000F0F81F /* AppMonitorTests */,
				DB04F4641A39C20000F0F81F /* Products */,
			);
			sourceTree = "<group>";
		};
		DB04F4641A39C20000F0F81F /* Products */ = {
			isa = PBXGroup;
			children = (
				DB04F4631A39C20000F0F81F /* AppMonitor.app */,
				DB04F47C1A39C20000F0F81F /* AppMonitorTests.xctest */,
			);
			name = Products;
			sourceTree = "<group>";
		};
		DB04F4651A39C20000F0F81F /* AppMonitor */ = {
			isa = PBXGroup;
			children = (
				DB04F46A1A39C20000F0F81F /* AppDelegate.h */,
				DB04F46B1A39C20000F0F81F /* AppDelegate.m */,
				DB04F46D1A39C20000F0F81F /* ViewController.h */,
				DB04F46E1A39C20000F0F81F /* ViewController.m */,
				DB04F4701A39C20000F0F81F /* Main.storyboard */,
				DB04F4731A39C20000F0F81F /* Images.xcassets */,
				DB04F4751A39C20000F0F81F /* LaunchScreen.xib */,
				DB04F4661A39C20000F0F81F /* Supporting Files */,
			);
			path = AppMonitor;
			sourceTree = "<group>";
		};
		DB04F4661A39C20000F0F81F /* Supporting Files */ = {
			isa = PBXGroup;
			children = (
				DB04F4671A39C20000F0F81F /* Info.plist */,
				DB04F4681A39C20000F0F81F /* main.m */,
			);
			name = "Supporting Files";
			sourceTree = "<group>";
		};
		DB04F47F1A39C20000F0F81F /* AppMonitorTests */ = {
			isa = PBXGroup;
			children = (
				DB04F4821A39C20000F0F81F /* AppMonitorTests.m */,
				DB04F4801A39C20000F0F81F /* Supporting Files */,
			);
			path = AppMonitorTests;
			sourceTree = "<group>";
		};
		DB04F4801A39C20000F0F81F /* Supporting Files */ = {
			isa = PBXGroup;
			children = (
				DB04F4811A39C20000F0F81F /* Info.plist */,
			);
			name = "Supporting Files";
			sourceTree = "<group>";
		};
/* End PBXGroup section */

/* Begin PBXNativeTarget section */
		DB04F4621A39C20000F0F81F /* AppMonitor */ = {
			isa = PBXNativeTarget;
			buildConfigurationList = DB04F4861A39C20000F0F81F /* Build configuration list for PBXNativeTarget "AppMonitor" */;
			buildPhases = (
				DB04F45F1A39C20000F0F81F /* Sources */,
				DB04F4601A39C20000F0F81F /* Frameworks */,
				DB04F4611A39C20000F0F81F /* Resources */,
			);
			buildRules = (
			);
			dependencies = (
			);
			name = AppMonitor;
			productName = AppMonitor;
			productReference = DB04F4631A39C20000F0F81F /* AppMonitor.app */;
			productType = "com.apple.product-type.application";
		};
		DB04F47B1A39C20000F0F81F /* AppMonitorTests */ = {
			isa = PBXNativeTarget;
			buildConfigurationList = DB04F4891A39C20000F0F81F /* Build configuration list for PBXNativeTarget "AppMonitorTests" */;
			buildPhases = (
				DB04F4781A39C20000F0F81F /* Sources */,
				DB04F4791A39C20000F0F81F /* Frameworks */,
				DB04F47A1A39C20000F0F81F /* Resources */,
			);
			buildRules = (
			);
			dependencies = (
				DB04F47E1A39C20000F0F81F /* PBXTargetDependency */,
			);
			name = AppMonitorTests;
			productName = AppMonitorTests;
			productReference = DB04F47C1A39C20000F0F81F /* AppMonitorTests.xctest */;
			productType = "com.apple.product-type.bundle.unit-test";
		};
/* End PBXNativeTarget section */

/* Begin PBXProject section */
		DB04F45B1A39C20000F0F81F /* Project object */ = {
			isa = PBXProject;
			attributes = {
				LastUpgradeCheck = 0610;
				ORGANIZATIONNAME = "Manoj Goulla Babu";
				TargetAttributes = {
					DB04F4621A39C20000F0F81F = {
						CreatedOnToolsVersion = 6.1;
					};
					DB04F47B1A39C20000F0F81F = {
						CreatedOnToolsVersion = 6.1;
						TestTargetID = DB04F4621A39C20000F0F81F;
					};
				};
			};
			buildConfigurationList = DB04F45E1A39C20000F0F81F /* Build configuration list for PBXProject "AppMonitor" */;
			compatibilityVersion = "Xcode 3.2";
			developmentRegion = English;
			hasScannedForEncodings = 0;
			knownRegions = (
				en,
				Base,
			);
			mainGroup = DB04F45A1A39C20000F0F81F;
			productRefGroup = DB04F4641A39C20000F0F81F /* Products */;
			projectDirPath = "";
			projectRoot = "";
			targets = (
				DB04F4621A39C20000F0F81F /* AppMonitor */,
				DB04F47B1A39C20000F0F81F /* AppMonitorTests */,
			);
		};
/* End PBXProject section */

/* Begin PBXResourcesBuildPhase section */
		DB04F4611A39C20000F0F81F /* Resources */ = {
			isa = PBXResourcesBuildPhase;
			buildActionMask = 2147483647;
			files = (
				DB04F4721A39C20000F0F81F /* Main.storyboard in Resources */,
				DB04F4771A39C20000F0F81F /* LaunchScreen.xib in Resources */,
				DB04F4741A39C20000F0F81F /* Images.xcassets in Resources */,
			);
			runOnlyForDeploymentPostprocessing = 0;
		};
		DB04F47A1A39C20000F0F81F /* Resources */ = {
			isa = PBXResourcesBuildPhase;
			buildActionMask = 2147483647;
			files = (
			);
			runOnlyForDeploymentPostprocessing = 0;
		};
/* End PBXResourcesBuildPhase section */

/* Begin PBXSourcesBuildPhase section */
		DB04F45F1A39C20000F0F81F /* Sources */ = {
			isa = PBXSourcesBuildPhase;
			buildActionMask = 2147483647;
			files = (
				DB04F46F1A39C20000F0F81F /* ViewController.m in Sources */,
				DB04F46C1A39C20000F0F81F /* AppDelegate.m in Sources */,
				DB04F4691A39C20000F0F81F /* main.m in Sources */,
			);
			runOnlyForDeploymentPostprocessing = 0;
		};
		DB04F4781A39C20000F0F81F /* Sources */ = {
			isa = PBXSourcesBuildPhase;
			buildActionMask = 2147483647;
			files = (
				DB04F4831A39C20000F0F81F /* AppMonitorTests.m in Sources */,
			);
			runOnlyForDeploymentPostprocessing = 0;
		};
/* End PBXSourcesBuildPhase section */

/* Begin PBXTargetDependency section */
		DB04F47E1A39C20000F0F81F /* PBXTargetDependency */ = {
			isa = PBXTargetDependency;
			target = DB04F4621A39C20000F0F81F /* AppMonitor */;
			targetProxy = DB04F47D1A39C20000F0F81F /* PBXContainerItemProxy */;
		};
/* End PBXTargetDependency section */

/* Begin PBXVariantGroup section */
		DB04F4701A39C20000F0F81F /* Main.storyboard */ = {
			isa = PBXVariantGroup;
			children = (
				DB04F4711A39C20000F0F81F /* Base */,
			);
			name = Main.storyboard;
			sourceTree = "<group>";
		};
		DB04F4751A39C20000F0F81F /* LaunchScreen.xib */ = {
			isa = PBXVariantGroup;
			children = (
				DB04F4761A39C20000F0F81F /* Base */,
			);
			name = LaunchScreen.xib;
			sourceTree = "<group>";
		};
/* End PBXVariantGroup section */

/* Begin XCBuildConfiguration section */
		DB04F4841A39C20000F0F81F /* Debug */ = {
			isa = XCBuildConfiguration;
			buildSettings = {
				ALWAYS_SEARCH_USER_PATHS = NO;
				CLANG_CXX_LANGUAGE_STANDARD = "gnu++0x";
				CLANG_CXX_LIBRARY = "libc++";
				CLANG_ENABLE_MODULES = YES;
				CLANG_ENABLE_OBJC_ARC = YES;
				CLANG_WARN_BOOL_CONVERSION = YES;
				CLANG_WARN_CONSTANT_CONVERSION = YES;
				CLANG_WARN_DIRECT_OBJC_ISA_USAGE = YES_ERROR;
				CLANG_WARN_EMPTY_BODY = YES;
				CLANG_WARN_ENUM_CONVERSION = YES;
				CLANG_WARN_INT_CONVERSION = YES;
				CLANG_WARN_OBJC_ROOT_CLASS = YES_ERROR;
				CLANG_WARN_UNREACHABLE_CODE = YES;
				CLANG_WARN__DUPLICATE_METHOD_MATCH = YES;
				"CODE_SIGN_IDENTITY[sdk=iphoneos*]" = "iPhone Developer";
				COPY_PHASE_STRIP = NO;
				ENABLE_STRICT_OBJC_MSGSEND = YES;
				GCC_C_LANGUAGE_STANDARD = gnu99;
				GCC_DYNAMIC_NO_PIC = NO;
				GCC_OPTIMIZATION_LEVEL = 0;
				GCC_PREPROCESSOR_DEFINITIONS = (
					"DEBUG=1",
					"$(inherited)",
				);
				GCC_SYMBOLS_PRIVATE_EXTERN = NO;
				GCC_WARN_64_TO_32_BIT_CONVERSION = YES;
				GCC_WARN_ABOUT_RETURN_TYPE = YES_ERROR;
				GCC_WARN_UNDECLARED_SELECTOR = YES;
				GCC_WARN_UNINITIALIZED_AUTOS = YES_AGGRESSIVE;
				GCC_WARN_UNUSED_FUNCTION = YES;
				GCC_WARN_UNUSED_VARIABLE = YES;
				IPHONEOS_DEPLOYMENT_TARGET = 8.1;
				MTL_ENABLE_DEBUG_INFO = YES;
				ONLY_ACTIVE_ARCH = YES;
				SDKROOT = iphoneos;
				TARGETED_DEVICE_FAMILY = "1,2";
			};
			name = Debug;
		};
		DB04F4851A39C20000F0F81F /* Release */ = {
			isa = XCBuildConfiguration;
			buildSettings = {
				ALWAYS_SEARCH_USER_PATHS = NO;
				CLANG_CXX_LANGUAGE_STANDARD = "gnu++0x";
				CLANG_CXX_LIBRARY = "libc++";
				CLANG_ENABLE_MODULES = YES;
				CLANG_ENABLE_OBJC_ARC = YES;
				CLANG_WARN_BOOL_CONVERSION = YES;
				CLANG_WARN_CONSTANT_CONVERSION = YES;
				CLANG_WARN_DIRECT_OBJC_ISA_USAGE = YES_ERROR;
				CLANG_WARN_EMPTY_BODY = YES;
				CLANG_WARN_ENUM_CONVERSION = YES;
				CLANG_WARN_INT_CONVERSION = YES;
				CLANG_WARN_OBJC_ROOT_CLASS = YES_ERROR;
				CLANG_WARN_UNREACHABLE_CODE = YES;
				CLANG_WARN__DUPLICATE_METHOD_MATCH = YES;
				"CODE_SIGN_IDENTITY[sdk=iphoneos*]" = "iPhone Developer";
				COPY_PHASE_STRIP = YES;
				ENABLE_NS_ASSERTIONS = NO;
				ENABLE_STRICT_OBJC_MSGSEND = YES;
				GCC_C_LANGUAGE_STANDARD = gnu99;
				GCC_WARN_64_TO_32_BIT_CONVERSION = YES;
				GCC_WARN_ABOUT_RETURN_TYPE = YES_ERROR;
				GCC_WARN_UNDECLARED_SELECTOR = YES;
				GCC_WARN_UNINITIALIZED_AUTOS = YES_AGGRESSIVE;
				GCC_WARN_UNUSED_FUNCTION = YES;
				GCC_WARN_UNUSED_VARIABLE = YES;
				IPHONEOS_DEPLOYMENT_TARGET = 8.1;
				MTL_ENABLE_DEBUG_INFO = NO;
				SDKROOT = iphoneos;
				TARGETED_DEVICE_FAMILY = "1,2";
				VALIDATE_PRODUCT = YES;
			};
			name = Release;
		};
		DB04F4871A39C20000F0F81F /* Debug */ = {
			isa = XCBuildConfiguration;
			buildSettings = {
				ASSETCATALOG_COMPILER_APPICON_NAME = AppIcon;
				INFOPLIST_FILE = AppMonitor/Info.plist;
				LD_RUNPATH_SEARCH_PATHS = "$(inherited) @executable_path/Frameworks";
				PRODUCT_NAME = "$(TARGET_NAME)";
			};
			name = Debug;
		};
		DB04F4881A39C20000F0F81F /* Release */ = {
			isa = XCBuildConfiguration;
			buildSettings = {
				ASSETCATALOG_COMPILER_APPICON_NAME = AppIcon;
				INFOPLIST_FILE = AppMonitor/Info.plist;
				LD_RUNPATH_SEARCH_PATHS = "$(inherited) @executable_path/Frameworks";
				PRODUCT_NAME = "$(TARGET_NAME)";
			};
			name = Release;
		};
		DB04F48A1A39C20000F0F81F /* Debug */ = {
			isa = XCBuildConfiguration;
			buildSettings = {
				BUNDLE_LOADER = "$(TEST_HOST)";
				FRAMEWORK_SEARCH_PATHS = (
					"$(SDKROOT)/Developer/Library/Frameworks",
					"$(inherited)",
				);
				GCC_PREPROCESSOR_DEFINITIONS = (
					"DEBUG=1",
					"$(inherited)",
				);
				INFOPLIST_FILE = AppMonitorTests/Info.plist;
				LD_RUNPATH_SEARCH_PATHS = "$(inherited) @executable_path/Frameworks @loader_path/Frameworks";
				PRODUCT_NAME = "$(TARGET_NAME)";
				TEST_HOST = "$(BUILT_PRODUCTS_DIR)/AppMonitor.app/AppMonitor";
			};
			name = Debug;
		};
		DB04F48B1A39C20000F0F81F /* Release */ = {
			isa = XCBuildConfiguration;
			buildSettings = {
				BUNDLE_LOADER = "$(TEST_HOST)";
				FRAMEWORK_SEARCH_PATHS = (
					"$(SDKROOT)/Developer/Library/Frameworks",
					"$(inherited)",
				);
				INFOPLIST_FILE = AppMonitorTests/Info.plist;
				LD_RUNPATH_SEARCH_PATHS = "$(inherited) @executable_path/Frameworks @loader_path/Frameworks";
				PRODUCT_NAME = "$(TARGET_NAME)";
				TEST_HOST = "$(BUILT_PRODUCTS_DIR)/AppMonitor.app/AppMonitor";
			};
			name = Release;
		};
/* End XCBuildConfiguration section */

/* Begin XCConfigurationList section */
		DB04F45E1A39C20000F0F81F /* Build configuration list for PBXProject "AppMonitor" */ = {
			isa = XCConfigurationList;
			buildConfigurations = (
				DB04F4841A39C20000F0F81F /* Debug */,
				DB04F4851A39C20000F0F81F /* Release */,
			);
			defaultConfigurationIsVisible = 0;
			defaultConfigurationName = Release;
		};
		DB04F4861A39C20000F0F81F /* Build configuration list for PBXNativeTarget "AppMonitor" */ = {
			isa = XCConfigurationList;
			buildConfigurations = (
				DB04F4871A39C20000F0F81F /* Debug */,
				DB04F4881A39C20000F0F81F /* Release */,
			);
			defaultConfigurationIsVisible = 0;
		};
		DB04F4891A39C20000F0F81F /* Build configuration list for PBXNativeTarget "AppMonitorTests" */ = {
			isa = XCConfigurationList;
			buildConfigurations = (
				DB04F48A1A39C20000F0F81F /* Debug */,
				DB04F48B1A39C20000F0F81F /* Release */,
			);
			defaultConfigurationIsVisible = 0;
		};
/* End XCConfigurationList section */
	};
	rootObject = DB04F45B1A39C20000F0F81F /* Project object */;
}
